
Microsoft Visual Studio Solution File, Format Version 12.00
# Visual Studio Version 17
VisualStudioVersion = 17.14.36301.6 d17.14
MinimumVisualStudioVersion = 10.0.40219.1
Project("{FAE04EC0-301F-11D3-BF4B-00C04F79EFBC}") = "TestGithubAction", "TestGithubAction\TestGithubAction.csproj", "{BEE0728D-F830-4E37-B097-345E5D4E0B9E}"
EndProject
Global
	GlobalSection(SolutionConfigurationPlatforms) = preSolution
		Debug|Any CPU = Debug|Any CPU
		Release|Any CPU = Release|Any CPU
	EndGlobalSection
	GlobalSection(ProjectConfigurationPlatforms) = postSolution
		{BEE0728D-F830-4E37-B097-345E5D4E0B9E}.Debug|Any CPU.ActiveCfg = Debug|Any CPU
		{BEE0728D-F830-4E37-B097-345E5D4E0B9E}.Debug|Any CPU.Build.0 = Debug|Any CPU
		{BEE0728D-F830-4E37-B097-345E5D4E0B9E}.Release|Any CPU.ActiveCfg = Release|Any CPU
		{BEE0728D-F830-4E37-B097-345E5D4E0B9E}.Release|Any CPU.Build.0 = Release|Any CPU
	EndGlobalSection
	GlobalSection(SolutionProperties) = preSolution
		HideSolutionNode = FALSE
	EndGlobalSection
	GlobalSection(ExtensibilityGlobals) = postSolution
		SolutionGuid = {887C4C66-D8D8-4C3F-90EC-62D4A2E588CA}
	EndGlobalSection
EndGlobal
